
Microsoft Visual Studio Solution File, Format Version 12.00
# Visual Studio Version 16
VisualStudioVersion = 16.0.32126.315
MinimumVisualStudioVersion = 10.0.40219.1
Project("{8BC9CEB8-8B4A-11D0-8D11-00A0C91BC942}") = "CS_330_Project", "CS_330_Project.vcxproj", "{D29658BF-6180-4B62-AE6E-9D1B6DE7E876}"
EndProject
Global
	GlobalSection(SolutionConfigurationPlatforms) = preSolution
		Debug|x64 = Debug|x64
		Debug|x86 = Debug|x86
		Release|x64 = Release|x64
		Release|x86 = Release|x86
	EndGlobalSection
	GlobalSection(ProjectConfigurationPlatforms) = postSolution
		{D29658BF-6180-4B62-AE6E-9D1B6DE7E876}.Debug|x64.ActiveCfg = Debug|x64
		{D29658BF-6180-4B62-AE6E-9D1B6DE7E876}.Debug|x64.Build.0 = Debug|x64
		{D29658BF-6180-4B62-AE6E-9D1B6DE7E876}.Debug|x86.ActiveCfg = Debug|Win32
		{D29658BF-6180-4B62-AE6E-9D1B6DE7E876}.Debug|x86.Build.0 = Debug|Win32
		{D29658BF-6180-4B62-AE6E-9D1B6DE7E876}.Release|x64.ActiveCfg = Release|x64
		{D29658BF-6180-4B62-AE6E-9D1B6DE7E876}.Release|x64.Build.0 = Release|x64
		{D29658BF-6180-4B62-AE6E-9D1B6DE7E876}.Release|x86.ActiveCfg = Release|Win32
		{D29658BF-6180-4B62-AE6E-9D1B6DE7E876}.Release|x86.Build.0 = Release|Win32
	EndGlobalSection
	GlobalSection(SolutionProperties) = preSolution
		HideSolutionNode = FALSE
	EndGlobalSection
	GlobalSection(ExtensibilityGlobals) = postSolution
		SolutionGuid = {2A4BBDFA-F6BF-4E74-9DF5-8C786ECD058B}
	EndGlobalSection
EndGlobal
